
Microsoft Visual Studio Solution File, Format Version 12.00
# Visual Studio 15
VisualStudioVersion = 15.0.28307.329
MinimumVisualStudioVersion = 10.0.40219.1
Project("{FAE04EC0-301F-11D3-BF4B-00C04F79EFBC}") = "DependencyInj", "DependencyInj\DependencyInj.csproj", "{9770420F-A583-4C27-A3FE-4361791301EF}"
EndProject
Global
	GlobalSection(SolutionConfigurationPlatforms) = preSolution
		Debug|Any CPU = Debug|Any CPU
		Release|Any CPU = Release|Any CPU
	EndGlobalSection
	GlobalSection(ProjectConfigurationPlatforms) = postSolution
		{9770420F-A583-4C27-A3FE-4361791301EF}.Debug|Any CPU.ActiveCfg = Debug|Any CPU
		{9770420F-A583-4C27-A3FE-4361791301EF}.Debug|Any CPU.Build.0 = Debug|Any CPU
		{9770420F-A583-4C27-A3FE-4361791301EF}.Release|Any CPU.ActiveCfg = Release|Any CPU
		{9770420F-A583-4C27-A3FE-4361791301EF}.Release|Any CPU.Build.0 = Release|Any CPU
	EndGlobalSection
	GlobalSection(SolutionProperties) = preSolution
		HideSolutionNode = FALSE
	EndGlobalSection
	GlobalSection(ExtensibilityGlobals) = postSolution
		SolutionGuid = {5C7AFDDC-B919-49E5-A1D8-3876BA4D1310}
	EndGlobalSection
EndGlobal
